# This file is autogenerated, do not edit; changes may be undone by the next 'dep ensure'.


[[projects]]
  digest = "1:a2c1d0e43bd3baaa071d1b9ed72c27d78169b2b269f71c105ac4ba34b1be4a39"
  name = "github.com/davecgh/go-spew"
  packages = ["spew"]
  pruneopts = "UT"
  revision = "346938d642f2ec3594ed81d874461961cd0faa76"
  version = "v1.1.0"

[[projects]]
  digest = "1:b72c8ef795e79b80e0a1405566d7ec07b3f465114d2b3f66b4de1f1699fdbe5c"
  name = "github.com/google/go-jsonnet"
  packages = [
    ".",
    "ast",
    "parser",
  ]
  pruneopts = "UT"
  revision = "6144c57d2a054b72ff46219f655bf863b940e174"
  version = "v0.11.2"

[[projects]]
  digest = "1:40e195917a951a8bf867cd05de2a46aaf1806c50cf92eebf4c16f78cd196f747"
  name = "github.com/pkg/errors"
  packages = ["."]
  pruneopts = "UT"
  revision = "645ef00459ed84a119197bfb8d8205042c6df63d"
  version = "v0.8.0"

[[projects]]
  digest = "1:0028cb19b2e4c3112225cd871870f2d9cf49b9b4276531f03438a88e94be86fe"
  name = "github.com/pmezard/go-difflib"
  packages = ["difflib"]
  pruneopts = "UT"
  revision = "792786c7400a136282c1664665ae0a8db921c6c2"
  version = "v1.0.0"

[[projects]]
  digest = "1:d867dfa6751c8d7a435821ad3b736310c2ed68945d05b50fb9d23aee0540c8cc"
  name = "github.com/sirupsen/logrus"
  packages = ["."]
  pruneopts = "UT"
  revision = "3e01752db0189b9157070a0e1668a620f9a85da2"
  version = "v1.0.6"

[[projects]]
  digest = "1:a93eb0fdb839bb6756f08115708b371d7f7dbd35fc28944b823e4685214b4707"
  name = "github.com/sourcegraph/go-langserver"
  packages = ["pkg/lsp"]
  pruneopts = "UT"
  revision = "00b99356a4548dba7494a8d10596f7b9e0c2fd91"
  version = "v1.0.0"

[[projects]]
  branch = "master"
  digest = "1:2b36de9d58253dfb01ceb22d85ace23b69210908a8191f2d967f46db4b94833a"
  name = "github.com/sourcegraph/jsonrpc2"
  packages = ["."]
  pruneopts = "UT"
  revision = "a3d86c792f0f5a0c0c2c4ed9157125e914cb5534"

[[projects]]
  digest = "1:c40d65817cdd41fac9aa7af8bed56927bb2d6d47e4fea566a74880f5c2b1c41e"
  name = "github.com/stretchr/testify"
  packages = [
    "assert",
    "require",
  ]
  pruneopts = "UT"
  revision = "f35b8ab0b5a2cef36673838d662e249dd9c94686"
  version = "v1.2.2"

[[projects]]
  branch = "support-js"
  digest = "1:740699b079db23641e197d455324d503df063f0131262a549f34ca3dbe6df289"
  name = "golang.org/x/crypto"
  packages = ["ssh/terminal"]
  pruneopts = "UT"
  revision = "2f5faa070c0740fe70936613a71acaa1f57e48c2"
  source = "github.com/bryanl/crypto"

[[projects]]
  branch = "master"
  digest = "1:2455630696ece2771aab91b25300a375df10b948d43d1b565feda5d89afd2bde"
  name = "golang.org/x/sys"
  packages = [
    "unix",
    "windows",
  ]
  pruneopts = "UT"
  revision = "acbc56fc7007d2a01796d5bde54f39e3b3e95945"

[solve-meta]
  analyzer-name = "dep"
  analyzer-version = 1
  input-imports = [
    "github.com/davecgh/go-spew/spew",
    "github.com/google/go-jsonnet",
    "github.com/google/go-jsonnet/ast",
    "github.com/pkg/errors",
    "github.com/sirupsen/logrus",
    "github.com/sourcegraph/go-langserver/pkg/lsp",
    "github.com/sourcegraph/jsonrpc2",
    "github.com/stretchr/testify/assert",
    "github.com/stretchr/testify/require",
  ]
  solver-name = "gps-cdcl"
  solver-version = 1
