# This file is autogenerated, do not edit; changes may be undone by the next 'dep ensure'.


[[projects]]
  branch = "master"
  digest = "1:65796e5fdb94d94bc0ee6bc422aa3541dbe69ed4da275cb5a27f8fa141f4e35c"
  name = "github.com/GeertJohan/go.rice"
  packages = [
    ".",
    "embedded",
  ]
  pruneopts = "UT"
  revision = "c02ca9a983da5807ddf7d796784928f5be4afd09"

[[projects]]
  branch = "master"
  digest = "1:5fd5c4d4282935b7a575299494f2c09e9d2cacded7815c83aff7c1602aff3154"
  name = "github.com/daaku/go.zipexe"
  packages = ["."]
  pruneopts = "UT"
  revision = "a5fe2436ffcb3236e175e5149162b41cd28bd27d"

[[projects]]
  digest = "1:ffe9824d294da03b391f44e1ae8281281b4afc1bdaa9588c9097785e3af10cec"
  name = "github.com/davecgh/go-spew"
  packages = ["spew"]
  pruneopts = "UT"
  revision = "8991bc29aa16c548c550c7ff78260e27b9ab7c73"
  version = "v1.1.1"

[[projects]]
  branch = "manifest-to-node"
  digest = "1:3a334fd82a46e013cdbf8a6d62dbbaae7bdee963e153ee55ee8ceb1d60ccada6"
  name = "github.com/google/go-jsonnet"
  packages = [
    ".",
    "ast",
    "parser",
  ]
  pruneopts = "UT"
  revision = "e9c1dc71c82ccf1f24a270bf24cb2d2bfd84480f"
  source = "github.com/bryanl/go-jsonnet"

[[projects]]
  branch = "master"
  digest = "1:caf6db28595425c0e0f2301a00257d11712f65c1878e12cffc42f6b9a9cf3f23"
  name = "github.com/kardianos/osext"
  packages = ["."]
  pruneopts = "UT"
  revision = "ae77be60afb1dcacde03767a8c37337fad28ac14"

[[projects]]
  digest = "1:40e195917a951a8bf867cd05de2a46aaf1806c50cf92eebf4c16f78cd196f747"
  name = "github.com/pkg/errors"
  packages = ["."]
  pruneopts = "UT"
  revision = "645ef00459ed84a119197bfb8d8205042c6df63d"
  version = "v0.8.0"

[[projects]]
  digest = "1:0028cb19b2e4c3112225cd871870f2d9cf49b9b4276531f03438a88e94be86fe"
  name = "github.com/pmezard/go-difflib"
  packages = ["difflib"]
  pruneopts = "UT"
  revision = "792786c7400a136282c1664665ae0a8db921c6c2"
  version = "v1.0.0"

[[projects]]
  digest = "1:274f67cb6fed9588ea2521ecdac05a6d62a8c51c074c1fccc6a49a40ba80e925"
  name = "github.com/satori/go.uuid"
  packages = ["."]
  pruneopts = "UT"
  revision = "f58768cc1a7a7e77a3bd49e98cdd21419399b6a3"
  version = "v1.2.0"

[[projects]]
  digest = "1:d867dfa6751c8d7a435821ad3b736310c2ed68945d05b50fb9d23aee0540c8cc"
  name = "github.com/sirupsen/logrus"
  packages = ["."]
  pruneopts = "UT"
  revision = "3e01752db0189b9157070a0e1668a620f9a85da2"
  version = "v1.0.6"

[[projects]]
  branch = "master"
  digest = "1:2b36de9d58253dfb01ceb22d85ace23b69210908a8191f2d967f46db4b94833a"
  name = "github.com/sourcegraph/jsonrpc2"
  packages = ["."]
  pruneopts = "UT"
  revision = "a3d86c792f0f5a0c0c2c4ed9157125e914cb5534"

[[projects]]
  digest = "1:c40d65817cdd41fac9aa7af8bed56927bb2d6d47e4fea566a74880f5c2b1c41e"
  name = "github.com/stretchr/testify"
  packages = [
    "assert",
    "require",
  ]
  pruneopts = "UT"
  revision = "f35b8ab0b5a2cef36673838d662e249dd9c94686"
  version = "v1.2.2"

[[projects]]
  branch = "support-js"
  digest = "1:740699b079db23641e197d455324d503df063f0131262a549f34ca3dbe6df289"
  name = "golang.org/x/crypto"
  packages = ["ssh/terminal"]
  pruneopts = "UT"
  revision = "2f5faa070c0740fe70936613a71acaa1f57e48c2"
  source = "github.com/bryanl/crypto"

[[projects]]
  branch = "master"
  digest = "1:2f71657f09ff05e4567909e9e0de7ad799828c96d402c540b41dc044a6590fb2"
  name = "golang.org/x/sys"
  packages = [
    "unix",
    "windows",
  ]
  pruneopts = "UT"
  revision = "1c9583448a9c3aa0f9a6a5241bf73c0bd8aafded"

[solve-meta]
  analyzer-name = "dep"
  analyzer-version = 1
  input-imports = [
    "github.com/GeertJohan/go.rice",
    "github.com/GeertJohan/go.rice/embedded",
    "github.com/davecgh/go-spew/spew",
    "github.com/google/go-jsonnet",
    "github.com/google/go-jsonnet/ast",
    "github.com/google/go-jsonnet/parser",
    "github.com/pkg/errors",
    "github.com/satori/go.uuid",
    "github.com/sirupsen/logrus",
    "github.com/sourcegraph/jsonrpc2",
    "github.com/stretchr/testify/assert",
    "github.com/stretchr/testify/require",
  ]
  solver-name = "gps-cdcl"
  solver-version = 1
